
Microsoft Visual Studio Solution File, Format Version 12.00
# Visual Studio Version 16
VisualStudioVersion = 16.0.31624.102
MinimumVisualStudioVersion = 10.0.40219.1
Project("{FAE04EC0-301F-11D3-BF4B-00C04F79EFBC}") = "Lesson6", "Lesson6\Lesson6.csproj", "{36E1985F-46F3-4DD6-AB7D-06AC648404AE}"
EndProject
Global
	GlobalSection(SolutionConfigurationPlatforms) = preSolution
		Debug|Any CPU = Debug|Any CPU
		Release|Any CPU = Release|Any CPU
	EndGlobalSection
	GlobalSection(ProjectConfigurationPlatforms) = postSolution
		{36E1985F-46F3-4DD6-AB7D-06AC648404AE}.Debug|Any CPU.ActiveCfg = Debug|Any CPU
		{36E1985F-46F3-4DD6-AB7D-06AC648404AE}.Debug|Any CPU.Build.0 = Debug|Any CPU
		{36E1985F-46F3-4DD6-AB7D-06AC648404AE}.Release|Any CPU.ActiveCfg = Release|Any CPU
		{36E1985F-46F3-4DD6-AB7D-06AC648404AE}.Release|Any CPU.Build.0 = Release|Any CPU
	EndGlobalSection
	GlobalSection(SolutionProperties) = preSolution
		HideSolutionNode = FALSE
	EndGlobalSection
	GlobalSection(ExtensibilityGlobals) = postSolution
		SolutionGuid = {7905AF91-764B-4C3B-A88B-8C09B02F9AE5}
	EndGlobalSection
EndGlobal
